
Microsoft Visual Studio Solution File, Format Version 12.00
# Visual Studio Version 17
VisualStudioVersion = 17.3.32901.215
MinimumVisualStudioVersion = 10.0.40219.1
Project("{9A19103F-16F7-4668-BE54-9A1E7A4F7556}") = "ProducManagementApi", "ProducManagementApi\ProducManagementApi.csproj", "{4B133533-0521-462E-AE4B-99BECDD338EC}"
EndProject
Project("{9A19103F-16F7-4668-BE54-9A1E7A4F7556}") = "BusinessObjects", "BusinessObjects\BusinessObjects.csproj", "{79C756C4-485B-4C3B-95BB-98118FC16116}"
EndProject
Project("{FAE04EC0-301F-11D3-BF4B-00C04F79EFBC}") = "DataAccess", "DataAccess\DataAccess.csproj", "{0E797A42-FF57-4A56-A4FA-DBB5158512C8}"
EndProject
Project("{FAE04EC0-301F-11D3-BF4B-00C04F79EFBC}") = "Repositories", "Repositories\Repositories.csproj", "{377E6165-4098-4073-AF4A-C5B84489D556}"
EndProject
Project("{FAE04EC0-301F-11D3-BF4B-00C04F79EFBC}") = "ProductManagementClient", "ProductManagementClient\ProductManagementClient.csproj", "{3FFB1702-EB96-4890-8A33-19749162546D}"
EndProject
Global
	GlobalSection(SolutionConfigurationPlatforms) = preSolution
		Debug|Any CPU = Debug|Any CPU
		Release|Any CPU = Release|Any CPU
	EndGlobalSection
	GlobalSection(ProjectConfigurationPlatforms) = postSolution
		{4B133533-0521-462E-AE4B-99BECDD338EC}.Debug|Any CPU.ActiveCfg = Debug|Any CPU
		{4B133533-0521-462E-AE4B-99BECDD338EC}.Debug|Any CPU.Build.0 = Debug|Any CPU
		{4B133533-0521-462E-AE4B-99BECDD338EC}.Release|Any CPU.ActiveCfg = Release|Any CPU
		{4B133533-0521-462E-AE4B-99BECDD338EC}.Release|Any CPU.Build.0 = Release|Any CPU
		{79C756C4-485B-4C3B-95BB-98118FC16116}.Debug|Any CPU.ActiveCfg = Debug|Any CPU
		{79C756C4-485B-4C3B-95BB-98118FC16116}.Debug|Any CPU.Build.0 = Debug|Any CPU
		{79C756C4-485B-4C3B-95BB-98118FC16116}.Release|Any CPU.ActiveCfg = Release|Any CPU
		{79C756C4-485B-4C3B-95BB-98118FC16116}.Release|Any CPU.Build.0 = Release|Any CPU
		{0E797A42-FF57-4A56-A4FA-DBB5158512C8}.Debug|Any CPU.ActiveCfg = Debug|Any CPU
		{0E797A42-FF57-4A56-A4FA-DBB5158512C8}.Debug|Any CPU.Build.0 = Debug|Any CPU
		{0E797A42-FF57-4A56-A4FA-DBB5158512C8}.Release|Any CPU.ActiveCfg = Release|Any CPU
		{0E797A42-FF57-4A56-A4FA-DBB5158512C8}.Release|Any CPU.Build.0 = Release|Any CPU
		{377E6165-4098-4073-AF4A-C5B84489D556}.Debug|Any CPU.ActiveCfg = Debug|Any CPU
		{377E6165-4098-4073-AF4A-C5B84489D556}.Debug|Any CPU.Build.0 = Debug|Any CPU
		{377E6165-4098-4073-AF4A-C5B84489D556}.Release|Any CPU.ActiveCfg = Release|Any CPU
		{377E6165-4098-4073-AF4A-C5B84489D556}.Release|Any CPU.Build.0 = Release|Any CPU
		{3FFB1702-EB96-4890-8A33-19749162546D}.Debug|Any CPU.ActiveCfg = Debug|Any CPU
		{3FFB1702-EB96-4890-8A33-19749162546D}.Debug|Any CPU.Build.0 = Debug|Any CPU
		{3FFB1702-EB96-4890-8A33-19749162546D}.Release|Any CPU.ActiveCfg = Release|Any CPU
		{3FFB1702-EB96-4890-8A33-19749162546D}.Release|Any CPU.Build.0 = Release|Any CPU
	EndGlobalSection
	GlobalSection(SolutionProperties) = preSolution
		HideSolutionNode = FALSE
	EndGlobalSection
	GlobalSection(ExtensibilityGlobals) = postSolution
		SolutionGuid = {D910209D-CE6F-4E07-AEC5-F3DA615D90BB}
	EndGlobalSection
EndGlobal
